<?xml version="1.0" encoding="utf-8"?>
<Project ToolsVersion="4.0" xmlns="http://schemas.microsoft.com/developer/msbuild/2003">
  <ItemGroup>
    <Filter Include="win32">
      <UniqueIdentifier>{84a8ebd7-7cf0-47f6-b75e-d441df67da40}</UniqueIdentifier>
    </Filter>
    <Filter Include="resource">
      <UniqueIdentifier>{715254bc-d70b-4ec5-bf29-467dd3ace079}</UniqueIdentifier>
    </Filter>
    <Filter Include="src">
      <UniqueIdentifier>{bb6c862e-70e9-49d9-81b7-3829a6f50471}</UniqueIdentifier>
    </Filter>
    <Filter Include="src\Logic">
      <UniqueIdentifier>{5d945ef4-6a28-421f-8f16-3875671dba2a}</UniqueIdentifier>
    </Filter>
    <Filter Include="src\View">
      <UniqueIdentifier>{91a775be-f5fd-48e4-8f56-27b39f34fde3}</UniqueIdentifier>
    </Filter>
    <Filter Include="src\GUI">
      <UniqueIdentifier>{0e7b95e3-3422-4ca6-9f4a-e8d2dc30806d}</UniqueIdentifier>
    </Filter>
  </ItemGroup>
  <ItemGroup>
    <ClCompile Include="main.cpp">
      <Filter>win32</Filter>
    </ClCompile>
    <ClCompile Include="..\Classes\AppDelegate.cpp">
      <Filter>src</Filter>
    </ClCompile>
    <ClCompile Include="..\Classes\Logic\EventMgr.cpp">
      <Filter>src\Logic</Filter>
    </ClCompile>
    <ClCompile Include="..\Classes\Logic\Unit.cpp">
      <Filter>src\Logic</Filter>
    </ClCompile>
    <ClCompile Include="..\Classes\Logic\World.cpp">
      <Filter>src\Logic</Filter>
    </ClCompile>
    <ClCompile Include="..\Classes\View\Actor.cpp">
      <Filter>src\View</Filter>
    </ClCompile>
    <ClCompile Include="..\Classes\View\GameScene.cpp">
      <Filter>src\View</Filter>
    </ClCompile>
    <ClCompile Include="..\Classes\GUI\UIGameScene.cpp">
      <Filter>src\GUI</Filter>
    </ClCompile>
    <ClCompile Include="..\Classes\GUI\UIInputLayer.cpp">
      <Filter>src\GUI</Filter>
    </ClCompile>
    <ClCompile Include="..\Classes\Logic\Rope.cpp">
      <Filter>src\Logic</Filter>
    </ClCompile>
    <ClCompile Include="..\Classes\View\B2DebugDrawLayer.cpp">
      <Filter>src\View</Filter>
    </ClCompile>
    <ClCompile Include="..\Classes\View\GLESDebugDraw.cpp">
      <Filter>src\View</Filter>
    </ClCompile>
  </ItemGroup>
  <ItemGroup>
    <ClInclude Include="main.h">
      <Filter>win32</Filter>
    </ClInclude>
    <ClInclude Include="..\Classes\AppDelegate.h">
      <Filter>src</Filter>
    </ClInclude>
    <ClInclude Include="..\Classes\Logic\EventMgr.h">
      <Filter>src\Logic</Filter>
    </ClInclude>
    <ClInclude Include="..\Classes\Logic\EventTypes.h">
      <Filter>src\Logic</Filter>
    </ClInclude>
    <ClInclude Include="..\Classes\Logic\Unit.h">
      <Filter>src\Logic</Filter>
    </ClInclude>
    <ClInclude Include="..\Classes\Logic\World.h">
      <Filter>src\Logic</Filter>
    </ClInclude>
    <ClInclude Include="..\Classes\View\Actor.h">
      <Filter>src\View</Filter>
    </ClInclude>
    <ClInclude Include="..\Classes\View\GameScene.h">
      <Filter>src\View</Filter>
    </ClInclude>
    <ClInclude Include="..\Classes\GUI\UIGameScene.h">
      <Filter>src\GUI</Filter>
    </ClInclude>
    <ClInclude Include="..\Classes\GUI\UIInputLayer.h">
      <Filter>src\GUI</Filter>
    </ClInclude>
    <ClInclude Include="..\Classes\Logic\Rope.h">
      <Filter>src\Logic</Filter>
    </ClInclude>
    <ClInclude Include="..\Classes\View\B2DebugDrawLayer.h">
      <Filter>src\View</Filter>
    </ClInclude>
    <ClInclude Include="..\Classes\View\GLESDebugDraw.h">
      <Filter>src\View</Filter>
    </ClInclude>
  </ItemGroup>
  <ItemGroup>
    <ResourceCompile Include="game.rc">
      <Filter>resource</Filter>
    </ResourceCompile>
  </ItemGroup>
</Project>